
Microsoft Visual Studio Solution File, Format Version 12.00
# Visual Studio Version 16
VisualStudioVersion = 16.0.30114.105
MinimumVisualStudioVersion = 10.0.40219.1
Project("{FAE04EC0-301F-11D3-BF4B-00C04F79EFBC}") = "pacman.Desktop", "start\pacman.Desktop.csproj", "{94258287-BC2D-4256-90FE-F44090C03BE7}"
EndProject
Project("{FAE04EC0-301F-11D3-BF4B-00C04F79EFBC}") = "pacman.Resources", "resources\pacman.Resources.csproj", "{77B5802B-0F6C-43C0-BF08-B6FFE8051580}"
EndProject
Project("{FAE04EC0-301F-11D3-BF4B-00C04F79EFBC}") = "pacman.Game", "game\pacman.Game.csproj", "{FCAFF55C-EBEE-4CA0-B0AD-1FFFB608B38E}"
EndProject
Global
	GlobalSection(SolutionConfigurationPlatforms) = preSolution
		Debug|Any CPU = Debug|Any CPU
		Debug|x64 = Debug|x64
		Debug|x86 = Debug|x86
		Release|Any CPU = Release|Any CPU
		Release|x64 = Release|x64
		Release|x86 = Release|x86
	EndGlobalSection
	GlobalSection(SolutionProperties) = preSolution
		HideSolutionNode = FALSE
	EndGlobalSection
	GlobalSection(ProjectConfigurationPlatforms) = postSolution
		{94258287-BC2D-4256-90FE-F44090C03BE7}.Debug|Any CPU.ActiveCfg = Debug|Any CPU
		{94258287-BC2D-4256-90FE-F44090C03BE7}.Debug|Any CPU.Build.0 = Debug|Any CPU
		{94258287-BC2D-4256-90FE-F44090C03BE7}.Debug|x64.ActiveCfg = Debug|Any CPU
		{94258287-BC2D-4256-90FE-F44090C03BE7}.Debug|x64.Build.0 = Debug|Any CPU
		{94258287-BC2D-4256-90FE-F44090C03BE7}.Debug|x86.ActiveCfg = Debug|Any CPU
		{94258287-BC2D-4256-90FE-F44090C03BE7}.Debug|x86.Build.0 = Debug|Any CPU
		{94258287-BC2D-4256-90FE-F44090C03BE7}.Release|Any CPU.ActiveCfg = Release|Any CPU
		{94258287-BC2D-4256-90FE-F44090C03BE7}.Release|Any CPU.Build.0 = Release|Any CPU
		{94258287-BC2D-4256-90FE-F44090C03BE7}.Release|x64.ActiveCfg = Release|Any CPU
		{94258287-BC2D-4256-90FE-F44090C03BE7}.Release|x64.Build.0 = Release|Any CPU
		{94258287-BC2D-4256-90FE-F44090C03BE7}.Release|x86.ActiveCfg = Release|Any CPU
		{94258287-BC2D-4256-90FE-F44090C03BE7}.Release|x86.Build.0 = Release|Any CPU
		{77B5802B-0F6C-43C0-BF08-B6FFE8051580}.Debug|Any CPU.ActiveCfg = Debug|Any CPU
		{77B5802B-0F6C-43C0-BF08-B6FFE8051580}.Debug|Any CPU.Build.0 = Debug|Any CPU
		{77B5802B-0F6C-43C0-BF08-B6FFE8051580}.Debug|x64.ActiveCfg = Debug|Any CPU
		{77B5802B-0F6C-43C0-BF08-B6FFE8051580}.Debug|x64.Build.0 = Debug|Any CPU
		{77B5802B-0F6C-43C0-BF08-B6FFE8051580}.Debug|x86.ActiveCfg = Debug|Any CPU
		{77B5802B-0F6C-43C0-BF08-B6FFE8051580}.Debug|x86.Build.0 = Debug|Any CPU
		{77B5802B-0F6C-43C0-BF08-B6FFE8051580}.Release|Any CPU.ActiveCfg = Release|Any CPU
		{77B5802B-0F6C-43C0-BF08-B6FFE8051580}.Release|Any CPU.Build.0 = Release|Any CPU
		{77B5802B-0F6C-43C0-BF08-B6FFE8051580}.Release|x64.ActiveCfg = Release|Any CPU
		{77B5802B-0F6C-43C0-BF08-B6FFE8051580}.Release|x64.Build.0 = Release|Any CPU
		{77B5802B-0F6C-43C0-BF08-B6FFE8051580}.Release|x86.ActiveCfg = Release|Any CPU
		{77B5802B-0F6C-43C0-BF08-B6FFE8051580}.Release|x86.Build.0 = Release|Any CPU
		{FCAFF55C-EBEE-4CA0-B0AD-1FFFB608B38E}.Debug|Any CPU.ActiveCfg = Debug|Any CPU
		{FCAFF55C-EBEE-4CA0-B0AD-1FFFB608B38E}.Debug|Any CPU.Build.0 = Debug|Any CPU
		{FCAFF55C-EBEE-4CA0-B0AD-1FFFB608B38E}.Debug|x64.ActiveCfg = Debug|Any CPU
		{FCAFF55C-EBEE-4CA0-B0AD-1FFFB608B38E}.Debug|x64.Build.0 = Debug|Any CPU
		{FCAFF55C-EBEE-4CA0-B0AD-1FFFB608B38E}.Debug|x86.ActiveCfg = Debug|Any CPU
		{FCAFF55C-EBEE-4CA0-B0AD-1FFFB608B38E}.Debug|x86.Build.0 = Debug|Any CPU
		{FCAFF55C-EBEE-4CA0-B0AD-1FFFB608B38E}.Release|Any CPU.ActiveCfg = Release|Any CPU
		{FCAFF55C-EBEE-4CA0-B0AD-1FFFB608B38E}.Release|Any CPU.Build.0 = Release|Any CPU
		{FCAFF55C-EBEE-4CA0-B0AD-1FFFB608B38E}.Release|x64.ActiveCfg = Release|Any CPU
		{FCAFF55C-EBEE-4CA0-B0AD-1FFFB608B38E}.Release|x64.Build.0 = Release|Any CPU
		{FCAFF55C-EBEE-4CA0-B0AD-1FFFB608B38E}.Release|x86.ActiveCfg = Release|Any CPU
		{FCAFF55C-EBEE-4CA0-B0AD-1FFFB608B38E}.Release|x86.Build.0 = Release|Any CPU
	EndGlobalSection
EndGlobal
